// !$*UTF8*$!
{
	archiveVersion = 1;
	classes = {
	};
	objectVersion = 55;
	objects = {

/* Begin PBXBuildFile section */
		4ABF0C00453B127DF16FBE9E /* Pods_Flixster_FlixsterUITests.framework in Frameworks */ = {isa = PBXBuildFile; fileRef = F4AFF766B2EBE6B736E124DA /* Pods_Flixster_FlixsterUITests.framework */; };
		622F58826F82603694980011 /* Pods_Flixster.framework in Frameworks */ = {isa = PBXBuildFile; fileRef = D44E45BA47A513ACE0457595 /* Pods_Flixster.framework */; };
		A1F483A8234405B143DE7891 /* Pods_FlixsterTests.framework in Frameworks */ = {isa = PBXBuildFile; fileRef = 32D242EE57878717EADB5740 /* Pods_FlixsterTests.framework */; };
		B5A691E82775135A00EA2B7A /* AppDelegate.swift in Sources */ = {isa = PBXBuildFile; fileRef = B5A691E72775135A00EA2B7A /* AppDelegate.swift */; };
		B5A691EA2775135A00EA2B7A /* SceneDelegate.swift in Sources */ = {isa = PBXBuildFile; fileRef = B5A691E92775135A00EA2B7A /* SceneDelegate.swift */; };
		B5A691EC2775135A00EA2B7A /* MoviesViewController.swift in Sources */ = {isa = PBXBuildFile; fileRef = B5A691EB2775135A00EA2B7A /* MoviesViewController.swift */; };
		B5A691EF2775135A00EA2B7A /* Main.storyboard in Resources */ = {isa = PBXBuildFile; fileRef = B5A691ED2775135A00EA2B7A /* Main.storyboard */; };
		B5A691F12775135C00EA2B7A /* Assets.xcassets in Resources */ = {isa = PBXBuildFile; fileRef = B5A691F02775135C00EA2B7A /* Assets.xcassets */; };
		B5A691F42775135C00EA2B7A /* LaunchScreen.storyboard in Resources */ = {isa = PBXBuildFile; fileRef = B5A691F22775135C00EA2B7A /* LaunchScreen.storyboard */; };
		B5A691FF2775135C00EA2B7A /* FlixsterTests.swift in Sources */ = {isa = PBXBuildFile; fileRef = B5A691FE2775135C00EA2B7A /* FlixsterTests.swift */; };
		B5A692092775135C00EA2B7A /* FlixsterUITests.swift in Sources */ = {isa = PBXBuildFile; fileRef = B5A692082775135C00EA2B7A /* FlixsterUITests.swift */; };
		B5A6920B2775135C00EA2B7A /* FlixsterUITestsLaunchTests.swift in Sources */ = {isa = PBXBuildFile; fileRef = B5A6920A2775135C00EA2B7A /* FlixsterUITestsLaunchTests.swift */; };
		B5A692182783738C00EA2B7A /* MovieCell.swift in Sources */ = {isa = PBXBuildFile; fileRef = B5A692172783738C00EA2B7A /* MovieCell.swift */; };
		B5A6921B278377B900EA2B7A /* AlamofireImage in Frameworks */ = {isa = PBXBuildFile; productRef = B5A6921A278377B900EA2B7A /* AlamofireImage */; };
		B5A6921D2784B00800EA2B7A /* MovieDetailsViewController.swift in Sources */ = {isa = PBXBuildFile; fileRef = B5A6921C2784B00800EA2B7A /* MovieDetailsViewController.swift */; };
/* End PBXBuildFile section */

/* Begin PBXContainerItemProxy section */
		B5A691FB2775135C00EA2B7A /* PBXContainerItemProxy */ = {
			isa = PBXContainerItemProxy;
			containerPortal = B5A691DC2775135A00EA2B7A /* Project object */;
			proxyType = 1;
			remoteGlobalIDString = B5A691E32775135A00EA2B7A;
			remoteInfo = Flixster;
		};
		B5A692052775135C00EA2B7A /* PBXContainerItemProxy */ = {
			isa = PBXContainerItemProxy;
			containerPortal = B5A691DC2775135A00EA2B7A /* Project object */;
			proxyType = 1;
			remoteGlobalIDString = B5A691E32775135A00EA2B7A;
			remoteInfo = Flixster;
		};
/* End PBXContainerItemProxy section */

/* Begin PBXFileReference section */
		2553DDF6EABB87E60B8EA035 /* Pods-Flixster.debug.xcconfig */ = {isa = PBXFileReference; includeInIndex = 1; lastKnownFileType = text.xcconfig; name = "Pods-Flixster.debug.xcconfig"; path = "Target Support Files/Pods-Flixster/Pods-Flixster.debug.xcconfig"; sourceTree = "<group>"; };
		32D242EE57878717EADB5740 /* Pods_FlixsterTests.framework */ = {isa = PBXFileReference; explicitFileType = wrapper.framework; includeInIndex = 0; path = Pods_FlixsterTests.framework; sourceTree = BUILT_PRODUCTS_DIR; };
		596933264AB6DC9330F0DE55 /* Pods-Flixster.release.xcconfig */ = {isa = PBXFileReference; includeInIndex = 1; lastKnownFileType = text.xcconfig; name = "Pods-Flixster.release.xcconfig"; path = "Target Support Files/Pods-Flixster/Pods-Flixster.release.xcconfig"; sourceTree = "<group>"; };
		85C5FECCBD9362A6EFDD1E67 /* Pods-FlixsterTests.debug.xcconfig */ = {isa = PBXFileReference; includeInIndex = 1; lastKnownFileType = text.xcconfig; name = "Pods-FlixsterTests.debug.xcconfig"; path = "Target Support Files/Pods-FlixsterTests/Pods-FlixsterTests.debug.xcconfig"; sourceTree = "<group>"; };
		AD45AAB03076E5709C432BC4 /* Pods-FlixsterTests.release.xcconfig */ = {isa = PBXFileReference; includeInIndex = 1; lastKnownFileType = text.xcconfig; name = "Pods-FlixsterTests.release.xcconfig"; path = "Target Support Files/Pods-FlixsterTests/Pods-FlixsterTests.release.xcconfig"; sourceTree = "<group>"; };
		B5A691E42775135A00EA2B7A /* Flixster.app */ = {isa = PBXFileReference; explicitFileType = wrapper.application; includeInIndex = 0; path = Flixster.app; sourceTree = BUILT_PRODUCTS_DIR; };
		B5A691E72775135A00EA2B7A /* AppDelegate.swift */ = {isa = PBXFileReference; lastKnownFileType = sourcecode.swift; path = AppDelegate.swift; sourceTree = "<group>"; };
		B5A691E92775135A00EA2B7A /* SceneDelegate.swift */ = {isa = PBXFileReference; lastKnownFileType = sourcecode.swift; path = SceneDelegate.swift; sourceTree = "<group>"; };
		B5A691EB2775135A00EA2B7A /* MoviesViewController.swift */ = {isa = PBXFileReference; lastKnownFileType = sourcecode.swift; path = MoviesViewController.swift; sourceTree = "<group>"; };
		B5A691EE2775135A00EA2B7A /* Base */ = {isa = PBXFileReference; lastKnownFileType = file.storyboard; name = Base; path = Base.lproj/Main.storyboard; sourceTree = "<group>"; };
		B5A691F02775135C00EA2B7A /* Assets.xcassets */ = {isa = PBXFileReference; lastKnownFileType = folder.assetcatalog; path = Assets.xcassets; sourceTree = "<group>"; };
		B5A691F32775135C00EA2B7A /* Base */ = {isa = PBXFileReference; lastKnownFileType = file.storyboard; name = Base; path = Base.lproj/LaunchScreen.storyboard; sourceTree = "<group>"; };
		B5A691F52775135C00EA2B7A /* Info.plist */ = {isa = PBXFileReference; lastKnownFileType = text.plist.xml; path = Info.plist; sourceTree = "<group>"; };
		B5A691FA2775135C00EA2B7A /* FlixsterTests.xctest */ = {isa = PBXFileReference; explicitFileType = wrapper.cfbundle; includeInIndex = 0; path = FlixsterTests.xctest; sourceTree = BUILT_PRODUCTS_DIR; };
		B5A691FE2775135C00EA2B7A /* FlixsterTests.swift */ = {isa = PBXFileReference; lastKnownFileType = sourcecode.swift; path = FlixsterTests.swift; sourceTree = "<group>"; };
		B5A692042775135C00EA2B7A /* FlixsterUITests.xctest */ = {isa = PBXFileReference; explicitFileType = wrapper.cfbundle; includeInIndex = 0; path = FlixsterUITests.xctest; sourceTree = BUILT_PRODUCTS_DIR; };
		B5A692082775135C00EA2B7A /* FlixsterUITests.swift */ = {isa = PBXFileReference; lastKnownFileType = sourcecode.swift; path = FlixsterUITests.swift; sourceTree = "<group>"; };
		B5A6920A2775135C00EA2B7A /* FlixsterUITestsLaunchTests.swift */ = {isa = PBXFileReference; lastKnownFileType = sourcecode.swift; path = FlixsterUITestsLaunchTests.swift; sourceTree = "<group>"; };
		B5A692172783738C00EA2B7A /* MovieCell.swift */ = {isa = PBXFileReference; lastKnownFileType = sourcecode.swift; path = MovieCell.swift; sourceTree = "<group>"; };
		B5A6921C2784B00800EA2B7A /* MovieDetailsViewController.swift */ = {isa = PBXFileReference; lastKnownFileType = sourcecode.swift; path = MovieDetailsViewController.swift; sourceTree = "<group>"; };
		D44E45BA47A513ACE0457595 /* Pods_Flixster.framework */ = {isa = PBXFileReference; explicitFileType = wrapper.framework; includeInIndex = 0; path = Pods_Flixster.framework; sourceTree = BUILT_PRODUCTS_DIR; };
		D94D0AEC9781C11A46DCADFD /* Pods-Flixster-FlixsterUITests.release.xcconfig */ = {isa = PBXFileReference; includeInIndex = 1; lastKnownFileType = text.xcconfig; name = "Pods-Flixster-FlixsterUITests.release.xcconfig"; path = "Target Support Files/Pods-Flixster-FlixsterUITests/Pods-Flixster-FlixsterUITests.release.xcconfig"; sourceTree = "<group>"; };
		F4AFF766B2EBE6B736E124DA /* Pods_Flixster_FlixsterUITests.framework */ = {isa = PBXFileReference; explicitFileType = wrapper.framework; includeInIndex = 0; path = Pods_Flixster_FlixsterUITests.framework; sourceTree = BUILT_PRODUCTS_DIR; };
		FD1ACA14FDB964DDAAAC1922 /* Pods-Flixster-FlixsterUITests.debug.xcconfig */ = {isa = PBXFileReference; includeInIndex = 1; lastKnownFileType = text.xcconfig; name = "Pods-Flixster-FlixsterUITests.debug.xcconfig"; path = "Target Support Files/Pods-Flixster-FlixsterUITests/Pods-Flixster-FlixsterUITests.debug.xcconfig"; sourceTree = "<group>"; };
/* End PBXFileReference section */

/* Begin PBXFrameworksBuildPhase section */
		B5A691E12775135A00EA2B7A /* Frameworks */ = {
			isa = PBXFrameworksBuildPhase;
			buildActionMask = 2147483647;
			files = (
				B5A6921B278377B900EA2B7A /* AlamofireImage in Frameworks */,
				622F58826F82603694980011 /* Pods_Flixster.framework in Frameworks */,
			);
			runOnlyForDeploymentPostprocessing = 0;
		};
		B5A691F72775135C00EA2B7A /* Frameworks */ = {
			isa = PBXFrameworksBuildPhase;
			buildActionMask = 2147483647;
			files = (
				A1F483A8234405B143DE7891 /* Pods_FlixsterTests.framework in Frameworks */,
			);
			runOnlyForDeploymentPostprocessing = 0;
		};
		B5A692012775135C00EA2B7A /* Frameworks */ = {
			isa = PBXFrameworksBuildPhase;
			buildActionMask = 2147483647;
			files = (
				4ABF0C00453B127DF16FBE9E /* Pods_Flixster_FlixsterUITests.framework in Frameworks */,
			);
			runOnlyForDeploymentPostprocessing = 0;
		};
/* End PBXFrameworksBuildPhase section */

/* Begin PBXGroup section */
		466DDED59CD9B28B0F518F89 /* Pods */ = {
			isa = PBXGroup;
			children = (
				2553DDF6EABB87E60B8EA035 /* Pods-Flixster.debug.xcconfig */,
				596933264AB6DC9330F0DE55 /* Pods-Flixster.release.xcconfig */,
				FD1ACA14FDB964DDAAAC1922 /* Pods-Flixster-FlixsterUITests.debug.xcconfig */,
				D94D0AEC9781C11A46DCADFD /* Pods-Flixster-FlixsterUITests.release.xcconfig */,
				85C5FECCBD9362A6EFDD1E67 /* Pods-FlixsterTests.debug.xcconfig */,
				AD45AAB03076E5709C432BC4 /* Pods-FlixsterTests.release.xcconfig */,
			);
			path = Pods;
			sourceTree = "<group>";
		};
		7B2218EB9986451D37047BC4 /* Frameworks */ = {
			isa = PBXGroup;
			children = (
				D44E45BA47A513ACE0457595 /* Pods_Flixster.framework */,
				F4AFF766B2EBE6B736E124DA /* Pods_Flixster_FlixsterUITests.framework */,
				32D242EE57878717EADB5740 /* Pods_FlixsterTests.framework */,
			);
			name = Frameworks;
			sourceTree = "<group>";
		};
		B5A691DB2775135A00EA2B7A = {
			isa = PBXGroup;
			children = (
				B5A691E62775135A00EA2B7A /* Flixster */,
				B5A691FD2775135C00EA2B7A /* FlixsterTests */,
				B5A692072775135C00EA2B7A /* FlixsterUITests */,
				B5A691E52775135A00EA2B7A /* Products */,
				466DDED59CD9B28B0F518F89 /* Pods */,
				7B2218EB9986451D37047BC4 /* Frameworks */,
			);
			sourceTree = "<group>";
		};
		B5A691E52775135A00EA2B7A /* Products */ = {
			isa = PBXGroup;
			children = (
				B5A691E42775135A00EA2B7A /* Flixster.app */,
				B5A691FA2775135C00EA2B7A /* FlixsterTests.xctest */,
				B5A692042775135C00EA2B7A /* FlixsterUITests.xctest */,
			);
			name = Products;
			sourceTree = "<group>";
		};
		B5A691E62775135A00EA2B7A /* Flixster */ = {
			isa = PBXGroup;
			children = (
				B5A691E72775135A00EA2B7A /* AppDelegate.swift */,
				B5A691E92775135A00EA2B7A /* SceneDelegate.swift */,
				B5A691EB2775135A00EA2B7A /* MoviesViewController.swift */,
				B5A692172783738C00EA2B7A /* MovieCell.swift */,
				B5A6921C2784B00800EA2B7A /* MovieDetailsViewController.swift */,
				B5A691ED2775135A00EA2B7A /* Main.storyboard */,
				B5A691F02775135C00EA2B7A /* Assets.xcassets */,
				B5A691F22775135C00EA2B7A /* LaunchScreen.storyboard */,
				B5A691F52775135C00EA2B7A /* Info.plist */,
			);
			path = Flixster;
			sourceTree = "<group>";
		};
		B5A691FD2775135C00EA2B7A /* FlixsterTests */ = {
			isa = PBXGroup;
			children = (
				B5A691FE2775135C00EA2B7A /* FlixsterTests.swift */,
			);
			path = FlixsterTests;
			sourceTree = "<group>";
		};
		B5A692072775135C00EA2B7A /* FlixsterUITests */ = {
			isa = PBXGroup;
			children = (
				B5A692082775135C00EA2B7A /* FlixsterUITests.swift */,
				B5A6920A2775135C00EA2B7A /* FlixsterUITestsLaunchTests.swift */,
			);
			path = FlixsterUITests;
			sourceTree = "<group>";
		};
/* End PBXGroup section */

/* Begin PBXNativeTarget section */
		B5A691E32775135A00EA2B7A /* Flixster */ = {
			isa = PBXNativeTarget;
			buildConfigurationList = B5A6920E2775135C00EA2B7A /* Build configuration list for PBXNativeTarget "Flixster" */;
			buildPhases = (
				E4868A64B518B762C966BE4A /* [CP] Check Pods Manifest.lock */,
				B5A691E02775135A00EA2B7A /* Sources */,
				B5A691E12775135A00EA2B7A /* Frameworks */,
				B5A691E22775135A00EA2B7A /* Resources */,
				F698A100353816B18E6AB1F9 /* [CP] Embed Pods Frameworks */,
			);
			buildRules = (
			);
			dependencies = (
			);
			name = Flixster;
			packageProductDependencies = (
				B5A6921A278377B900EA2B7A /* AlamofireImage */,
			);
			productName = Flixster;
			productReference = B5A691E42775135A00EA2B7A /* Flixster.app */;
			productType = "com.apple.product-type.application";
		};
		B5A691F92775135C00EA2B7A /* FlixsterTests */ = {
			isa = PBXNativeTarget;
			buildConfigurationList = B5A692112775135C00EA2B7A /* Build configuration list for PBXNativeTarget "FlixsterTests" */;
			buildPhases = (
				41574A0DA73B98D25FEB195B /* [CP] Check Pods Manifest.lock */,
				B5A691F62775135C00EA2B7A /* Sources */,
				B5A691F72775135C00EA2B7A /* Frameworks */,
				B5A691F82775135C00EA2B7A /* Resources */,
			);
			buildRules = (
			);
			dependencies = (
				B5A691FC2775135C00EA2B7A /* PBXTargetDependency */,
			);
			name = FlixsterTests;
			productName = FlixsterTests;
			productReference = B5A691FA2775135C00EA2B7A /* FlixsterTests.xctest */;
			productType = "com.apple.product-type.bundle.unit-test";
		};
		B5A692032775135C00EA2B7A /* FlixsterUITests */ = {
			isa = PBXNativeTarget;
			buildConfigurationList = B5A692142775135C00EA2B7A /* Build configuration list for PBXNativeTarget "FlixsterUITests" */;
			buildPhases = (
				3BEC1218759C83253CC8B97C /* [CP] Check Pods Manifest.lock */,
				B5A692002775135C00EA2B7A /* Sources */,
				B5A692012775135C00EA2B7A /* Frameworks */,
				B5A692022775135C00EA2B7A /* Resources */,
				34A47FA865BCA21F0911BA26 /* [CP] Embed Pods Frameworks */,
			);
			buildRules = (
			);
			dependencies = (
				B5A692062775135C00EA2B7A /* PBXTargetDependency */,
			);
			name = FlixsterUITests;
			productName = FlixsterUITests;
			productReference = B5A692042775135C00EA2B7A /* FlixsterUITests.xctest */;
			productType = "com.apple.product-type.bundle.ui-testing";
		};
/* End PBXNativeTarget section */

/* Begin PBXProject section */
		B5A691DC2775135A00EA2B7A /* Project object */ = {
			isa = PBXProject;
			attributes = {
				BuildIndependentTargetsInParallel = 1;
				LastSwiftUpdateCheck = 1320;
				LastUpgradeCheck = 1320;
				TargetAttributes = {
					B5A691E32775135A00EA2B7A = {
						CreatedOnToolsVersion = 13.2.1;
					};
					B5A691F92775135C00EA2B7A = {
						CreatedOnToolsVersion = 13.2.1;
						TestTargetID = B5A691E32775135A00EA2B7A;
					};
					B5A692032775135C00EA2B7A = {
						CreatedOnToolsVersion = 13.2.1;
						TestTargetID = B5A691E32775135A00EA2B7A;
					};
				};
			};
			buildConfigurationList = B5A691DF2775135A00EA2B7A /* Build configuration list for PBXProject "Flixster" */;
			compatibilityVersion = "Xcode 13.0";
			developmentRegion = en;
			hasScannedForEncodings = 0;
			knownRegions = (
				en,
				Base,
			);
			mainGroup = B5A691DB2775135A00EA2B7A;
			packageReferences = (
				B5A69219278377B900EA2B7A /* XCRemoteSwiftPackageReference "AlamofireImage" */,
			);
			productRefGroup = B5A691E52775135A00EA2B7A /* Products */;
			projectDirPath = "";
			projectRoot = "";
			targets = (
				B5A691E32775135A00EA2B7A /* Flixster */,
				B5A691F92775135C00EA2B7A /* FlixsterTests */,
				B5A692032775135C00EA2B7A /* FlixsterUITests */,
			);
		};
/* End PBXProject section */

/* Begin PBXResourcesBuildPhase section */
		B5A691E22775135A00EA2B7A /* Resources */ = {
			isa = PBXResourcesBuildPhase;
			buildActionMask = 2147483647;
			files = (
				B5A691F42775135C00EA2B7A /* LaunchScreen.storyboard in Resources */,
				B5A691F12775135C00EA2B7A /* Assets.xcassets in Resources */,
				B5A691EF2775135A00EA2B7A /* Main.storyboard in Resources */,
			);
			runOnlyForDeploymentPostprocessing = 0;
		};
		B5A691F82775135C00EA2B7A /* Resources */ = {
			isa = PBXResourcesBuildPhase;
			buildActionMask = 2147483647;
			files = (
			);
			runOnlyForDeploymentPostprocessing = 0;
		};
		B5A692022775135C00EA2B7A /* Resources */ = {
			isa = PBXResourcesBuildPhase;
			buildActionMask = 2147483647;
			files = (
			);
			runOnlyForDeploymentPostprocessing = 0;
		};
/* End PBXResourcesBuildPhase section */

/* Begin PBXShellScriptBuildPhase section */
		34A47FA865BCA21F0911BA26 /* [CP] Embed Pods Frameworks */ = {
			isa = PBXShellScriptBuildPhase;
			buildActionMask = 2147483647;
			files = (
			);
			inputFileListPaths = (
				"${PODS_ROOT}/Target Support Files/Pods-Flixster-FlixsterUITests/Pods-Flixster-FlixsterUITests-frameworks-${CONFIGURATION}-input-files.xcfilelist",
			);
			name = "[CP] Embed Pods Frameworks";
			outputFileListPaths = (
				"${PODS_ROOT}/Target Support Files/Pods-Flixster-FlixsterUITests/Pods-Flixster-FlixsterUITests-frameworks-${CONFIGURATION}-output-files.xcfilelist",
			);
			runOnlyForDeploymentPostprocessing = 0;
			shellPath = /bin/sh;
			shellScript = "\"${PODS_ROOT}/Target Support Files/Pods-Flixster-FlixsterUITests/Pods-Flixster-FlixsterUITests-frameworks.sh\"\n";
			showEnvVarsInLog = 0;
		};
		3BEC1218759C83253CC8B97C /* [CP] Check Pods Manifest.lock */ = {
			isa = PBXShellScriptBuildPhase;
			buildActionMask = 2147483647;
			files = (
			);
			inputFileListPaths = (
			);
			inputPaths = (
				"${PODS_PODFILE_DIR_PATH}/Podfile.lock",
				"${PODS_ROOT}/Manifest.lock",
			);
			name = "[CP] Check Pods Manifest.lock";
			outputFileListPaths = (
			);
			outputPaths = (
				"$(DERIVED_FILE_DIR)/Pods-Flixster-FlixsterUITests-checkManifestLockResult.txt",
			);
			runOnlyForDeploymentPostprocessing = 0;
			shellPath = /bin/sh;
			shellScript = "diff \"${PODS_PODFILE_DIR_PATH}/Podfile.lock\" \"${PODS_ROOT}/Manifest.lock\" > /dev/null\nif [ $? != 0 ] ; then\n    # print error to STDERR\n    echo \"error: The sandbox is not in sync with the Podfile.lock. Run 'pod install' or update your CocoaPods installation.\" >&2\n    exit 1\nfi\n# This output is used by Xcode 'outputs' to avoid re-running this script phase.\necho \"SUCCESS\" > \"${SCRIPT_OUTPUT_FILE_0}\"\n";
			showEnvVarsInLog = 0;
		};
		41574A0DA73B98D25FEB195B /* [CP] Check Pods Manifest.lock */ = {
			isa = PBXShellScriptBuildPhase;
			buildActionMask = 2147483647;
			files = (
			);
			inputFileListPaths = (
			);
			inputPaths = (
				"${PODS_PODFILE_DIR_PATH}/Podfile.lock",
				"${PODS_ROOT}/Manifest.lock",
			);
			name = "[CP] Check Pods Manifest.lock";
			outputFileListPaths = (
			);
			outputPaths = (
				"$(DERIVED_FILE_DIR)/Pods-FlixsterTests-checkManifestLockResult.txt",
			);
			runOnlyForDeploymentPostprocessing = 0;
			shellPath = /bin/sh;
			shellScript = "diff \"${PODS_PODFILE_DIR_PATH}/Podfile.lock\" \"${PODS_ROOT}/Manifest.lock\" > /dev/null\nif [ $? != 0 ] ; then\n    # print error to STDERR\n    echo \"error: The sandbox is not in sync with the Podfile.lock. Run 'pod install' or update your CocoaPods installation.\" >&2\n    exit 1\nfi\n# This output is used by Xcode 'outputs' to avoid re-running this script phase.\necho \"SUCCESS\" > \"${SCRIPT_OUTPUT_FILE_0}\"\n";
			showEnvVarsInLog = 0;
		};
		E4868A64B518B762C966BE4A /* [CP] Check Pods Manifest.lock */ = {
			isa = PBXShellScriptBuildPhase;
			buildActionMask = 2147483647;
			files = (
			);
			inputFileListPaths = (
			);
			inputPaths = (
				"${PODS_PODFILE_DIR_PATH}/Podfile.lock",
				"${PODS_ROOT}/Manifest.lock",
			);
			name = "[CP] Check Pods Manifest.lock";
			outputFileListPaths = (
			);
			outputPaths = (
				"$(DERIVED_FILE_DIR)/Pods-Flixster-checkManifestLockResult.txt",
			);
			runOnlyForDeploymentPostprocessing = 0;
			shellPath = /bin/sh;
			shellScript = "diff \"${PODS_PODFILE_DIR_PATH}/Podfile.lock\" \"${PODS_ROOT}/Manifest.lock\" > /dev/null\nif [ $? != 0 ] ; then\n    # print error to STDERR\n    echo \"error: The sandbox is not in sync with the Podfile.lock. Run 'pod install' or update your CocoaPods installation.\" >&2\n    exit 1\nfi\n# This output is used by Xcode 'outputs' to avoid re-running this script phase.\necho \"SUCCESS\" > \"${SCRIPT_OUTPUT_FILE_0}\"\n";
			showEnvVarsInLog = 0;
		};
		F698A100353816B18E6AB1F9 /* [CP] Embed Pods Frameworks */ = {
			isa = PBXShellScriptBuildPhase;
			buildActionMask = 2147483647;
			files = (
			);
			inputFileListPaths = (
				"${PODS_ROOT}/Target Support Files/Pods-Flixster/Pods-Flixster-frameworks-${CONFIGURATION}-input-files.xcfilelist",
			);
			name = "[CP] Embed Pods Frameworks";
			outputFileListPaths = (
				"${PODS_ROOT}/Target Support Files/Pods-Flixster/Pods-Flixster-frameworks-${CONFIGURATION}-output-files.xcfilelist",
			);
			runOnlyForDeploymentPostprocessing = 0;
			shellPath = /bin/sh;
			shellScript = "\"${PODS_ROOT}/Target Support Files/Pods-Flixster/Pods-Flixster-frameworks.sh\"\n";
			showEnvVarsInLog = 0;
		};
/* End PBXShellScriptBuildPhase section */

/* Begin PBXSourcesBuildPhase section */
		B5A691E02775135A00EA2B7A /* Sources */ = {
			isa = PBXSourcesBuildPhase;
			buildActionMask = 2147483647;
			files = (
				B5A6921D2784B00800EA2B7A /* MovieDetailsViewController.swift in Sources */,
				B5A691EC2775135A00EA2B7A /* MoviesViewController.swift in Sources */,
				B5A691E82775135A00EA2B7A /* AppDelegate.swift in Sources */,
				B5A692182783738C00EA2B7A /* MovieCell.swift in Sources */,
				B5A691EA2775135A00EA2B7A /* SceneDelegate.swift in Sources */,
			);
			runOnlyForDeploymentPostprocessing = 0;
		};
		B5A691F62775135C00EA2B7A /* Sources */ = {
			isa = PBXSourcesBuildPhase;
			buildActionMask = 2147483647;
			files = (
				B5A691FF2775135C00EA2B7A /* FlixsterTests.swift in Sources */,
			);
			runOnlyForDeploymentPostprocessing = 0;
		};
		B5A692002775135C00EA2B7A /* Sources */ = {
			isa = PBXSourcesBuildPhase;
			buildActionMask = 2147483647;
			files = (
				B5A6920B2775135C00EA2B7A /* FlixsterUITestsLaunchTests.swift in Sources */,
				B5A692092775135C00EA2B7A /* FlixsterUITests.swift in Sources */,
			);
			runOnlyForDeploymentPostprocessing = 0;
		};
/* End PBXSourcesBuildPhase section */

/* Begin PBXTargetDependency section */
		B5A691FC2775135C00EA2B7A /* PBXTargetDependency */ = {
			isa = PBXTargetDependency;
			target = B5A691E32775135A00EA2B7A /* Flixster */;
			targetProxy = B5A691FB2775135C00EA2B7A /* PBXContainerItemProxy */;
		};
		B5A692062775135C00EA2B7A /* PBXTargetDependency */ = {
			isa = PBXTargetDependency;
			target = B5A691E32775135A00EA2B7A /* Flixster */;
			targetProxy = B5A692052775135C00EA2B7A /* PBXContainerItemProxy */;
		};
/* End PBXTargetDependency section */

/* Begin PBXVariantGroup section */
		B5A691ED2775135A00EA2B7A /* Main.storyboard */ = {
			isa = PBXVariantGroup;
			children = (
				B5A691EE2775135A00EA2B7A /* Base */,
			);
			name = Main.storyboard;
			sourceTree = "<group>";
		};
		B5A691F22775135C00EA2B7A /* LaunchScreen.storyboard */ = {
			isa = PBXVariantGroup;
			children = (
				B5A691F32775135C00EA2B7A /* Base */,
			);
			name = LaunchScreen.storyboard;
			sourceTree = "<group>";
		};
/* End PBXVariantGroup section */

/* Begin XCBuildConfiguration section */
		B5A6920C2775135C00EA2B7A /* Debug */ = {
			isa = XCBuildConfiguration;
			buildSettings = {
				ALWAYS_SEARCH_USER_PATHS = NO;
				CLANG_ANALYZER_NONNULL = YES;
				CLANG_ANALYZER_NUMBER_OBJECT_CONVERSION = YES_AGGRESSIVE;
				CLANG_CXX_LANGUAGE_STANDARD = "gnu++17";
				CLANG_CXX_LIBRARY = "libc++";
				CLANG_ENABLE_MODULES = YES;
				CLANG_ENABLE_OBJC_ARC = YES;
				CLANG_ENABLE_OBJC_WEAK = YES;
				CLANG_WARN_BLOCK_CAPTURE_AUTORELEASING = YES;
				CLANG_WARN_BOOL_CONVERSION = YES;
				CLANG_WARN_COMMA = YES;
				CLANG_WARN_CONSTANT_CONVERSION = YES;
				CLANG_WARN_DEPRECATED_OBJC_IMPLEMENTATIONS = YES;
				CLANG_WARN_DIRECT_OBJC_ISA_USAGE = YES_ERROR;
				CLANG_WARN_DOCUMENTATION_COMMENTS = YES;
				CLANG_WARN_EMPTY_BODY = YES;
				CLANG_WARN_ENUM_CONVERSION = YES;
				CLANG_WARN_INFINITE_RECURSION = YES;
				CLANG_WARN_INT_CONVERSION = YES;
				CLANG_WARN_NON_LITERAL_NULL_CONVERSION = YES;
				CLANG_WARN_OBJC_IMPLICIT_RETAIN_SELF = YES;
				CLANG_WARN_OBJC_LITERAL_CONVERSION = YES;
				CLANG_WARN_OBJC_ROOT_CLASS = YES_ERROR;
				CLANG_WARN_QUOTED_INCLUDE_IN_FRAMEWORK_HEADER = YES;
				CLANG_WARN_RANGE_LOOP_ANALYSIS = YES;
				CLANG_WARN_STRICT_PROTOTYPES = YES;
				CLANG_WARN_SUSPICIOUS_MOVE = YES;
				CLANG_WARN_UNGUARDED_AVAILABILITY = YES_AGGRESSIVE;
				CLANG_WARN_UNREACHABLE_CODE = YES;
				CLANG_WARN__DUPLICATE_METHOD_MATCH = YES;
				COPY_PHASE_STRIP = NO;
				DEBUG_INFORMATION_FORMAT = dwarf;
				ENABLE_STRICT_OBJC_MSGSEND = YES;
				ENABLE_TESTABILITY = YES;
				GCC_C_LANGUAGE_STANDARD = gnu11;
				GCC_DYNAMIC_NO_PIC = NO;
				GCC_NO_COMMON_BLOCKS = YES;
				GCC_OPTIMIZATION_LEVEL = 0;
				GCC_PREPROCESSOR_DEFINITIONS = (
					"DEBUG=1",
					"$(inherited)",
				);
				GCC_WARN_64_TO_32_BIT_CONVERSION = YES;
				GCC_WARN_ABOUT_RETURN_TYPE = YES_ERROR;
				GCC_WARN_UNDECLARED_SELECTOR = YES;
				GCC_WARN_UNINITIALIZED_AUTOS = YES_AGGRESSIVE;
				GCC_WARN_UNUSED_FUNCTION = YES;
				GCC_WARN_UNUSED_VARIABLE = YES;
				IPHONEOS_DEPLOYMENT_TARGET = 15.2;
				MTL_ENABLE_DEBUG_INFO = INCLUDE_SOURCE;
				MTL_FAST_MATH = YES;
				ONLY_ACTIVE_ARCH = YES;
				SDKROOT = iphoneos;
				SWIFT_ACTIVE_COMPILATION_CONDITIONS = DEBUG;
				SWIFT_OPTIMIZATION_LEVEL = "-Onone";
			};
			name = Debug;
		};
		B5A6920D2775135C00EA2B7A /* Release */ = {
			isa = XCBuildConfiguration;
			buildSettings = {
				ALWAYS_SEARCH_USER_PATHS = NO;
				CLANG_ANALYZER_NONNULL = YES;
				CLANG_ANALYZER_NUMBER_OBJECT_CONVERSION = YES_AGGRESSIVE;
				CLANG_CXX_LANGUAGE_STANDARD = "gnu++17";
				CLANG_CXX_LIBRARY = "libc++";
				CLANG_ENABLE_MODULES = YES;
				CLANG_ENABLE_OBJC_ARC = YES;
				CLANG_ENABLE_OBJC_WEAK = YES;
				CLANG_WARN_BLOCK_CAPTURE_AUTORELEASING = YES;
				CLANG_WARN_BOOL_CONVERSION = YES;
				CLANG_WARN_COMMA = YES;
				CLANG_WARN_CONSTANT_CONVERSION = YES;
				CLANG_WARN_DEPRECATED_OBJC_IMPLEMENTATIONS = YES;
				CLANG_WARN_DIRECT_OBJC_ISA_USAGE = YES_ERROR;
				CLANG_WARN_DOCUMENTATION_COMMENTS = YES;
				CLANG_WARN_EMPTY_BODY = YES;
				CLANG_WARN_ENUM_CONVERSION = YES;
				CLANG_WARN_INFINITE_RECURSION = YES;
				CLANG_WARN_INT_CONVERSION = YES;
				CLANG_WARN_NON_LITERAL_NULL_CONVERSION = YES;
				CLANG_WARN_OBJC_IMPLICIT_RETAIN_SELF = YES;
				CLANG_WARN_OBJC_LITERAL_CONVERSION = YES;
				CLANG_WARN_OBJC_ROOT_CLASS = YES_ERROR;
				CLANG_WARN_QUOTED_INCLUDE_IN_FRAMEWORK_HEADER = YES;
				CLANG_WARN_RANGE_LOOP_ANALYSIS = YES;
				CLANG_WARN_STRICT_PROTOTYPES = YES;
				CLANG_WARN_SUSPICIOUS_MOVE = YES;
				CLANG_WARN_UNGUARDED_AVAILABILITY = YES_AGGRESSIVE;
				CLANG_WARN_UNREACHABLE_CODE = YES;
				CLANG_WARN__DUPLICATE_METHOD_MATCH = YES;
				COPY_PHASE_STRIP = NO;
				DEBUG_INFORMATION_FORMAT = "dwarf-with-dsym";
				ENABLE_NS_ASSERTIONS = NO;
				ENABLE_STRICT_OBJC_MSGSEND = YES;
				GCC_C_LANGUAGE_STANDARD = gnu11;
				GCC_NO_COMMON_BLOCKS = YES;
				GCC_WARN_64_TO_32_BIT_CONVERSION = YES;
				GCC_WARN_ABOUT_RETURN_TYPE = YES_ERROR;
				GCC_WARN_UNDECLARED_SELECTOR = YES;
				GCC_WARN_UNINITIALIZED_AUTOS = YES_AGGRESSIVE;
				GCC_WARN_UNUSED_FUNCTION = YES;
				GCC_WARN_UNUSED_VARIABLE = YES;
				IPHONEOS_DEPLOYMENT_TARGET = 15.2;
				MTL_ENABLE_DEBUG_INFO = NO;
				MTL_FAST_MATH = YES;
				SDKROOT = iphoneos;
				SWIFT_COMPILATION_MODE = wholemodule;
				SWIFT_OPTIMIZATION_LEVEL = "-O";
				VALIDATE_PRODUCT = YES;
			};
			name = Release;
		};
		B5A6920F2775135C00EA2B7A /* Debug */ = {
			isa = XCBuildConfiguration;
			baseConfigurationReference = 2553DDF6EABB87E60B8EA035 /* Pods-Flixster.debug.xcconfig */;
			buildSettings = {
				ASSETCATALOG_COMPILER_APPICON_NAME = AppIcon;
				ASSETCATALOG_COMPILER_GLOBAL_ACCENT_COLOR_NAME = AccentColor;
				CODE_SIGN_STYLE = Automatic;
				CURRENT_PROJECT_VERSION = 1;
				GENERATE_INFOPLIST_FILE = YES;
				INFOPLIST_FILE = Flixster/Info.plist;
				INFOPLIST_KEY_UIApplicationSupportsIndirectInputEvents = YES;
				INFOPLIST_KEY_UILaunchStoryboardName = LaunchScreen;
				INFOPLIST_KEY_UIMainStoryboardFile = Main;
				INFOPLIST_KEY_UISupportedInterfaceOrientations_iPad = "UIInterfaceOrientationPortrait UIInterfaceOrientationPortraitUpsideDown UIInterfaceOrientationLandscapeLeft UIInterfaceOrientationLandscapeRight";
				INFOPLIST_KEY_UISupportedInterfaceOrientations_iPhone = "UIInterfaceOrientationPortrait UIInterfaceOrientationLandscapeLeft UIInterfaceOrientationLandscapeRight";
				LD_RUNPATH_SEARCH_PATHS = (
					"$(inherited)",
					"@executable_path/Frameworks",
				);
				MARKETING_VERSION = 1.0;
				PRODUCT_BUNDLE_IDENTIFIER = acroospulle.Flixster;
				PRODUCT_NAME = "$(TARGET_NAME)";
				SWIFT_EMIT_LOC_STRINGS = YES;
				SWIFT_VERSION = 5.0;
				TARGETED_DEVICE_FAMILY = "1,2";
			};
			name = Debug;
		};
		B5A692102775135C00EA2B7A /* Release */ = {
			isa = XCBuildConfiguration;
			baseConfigurationReference = 596933264AB6DC9330F0DE55 /* Pods-Flixster.release.xcconfig */;
			buildSettings = {
				ASSETCATALOG_COMPILER_APPICON_NAME = AppIcon;
				ASSETCATALOG_COMPILER_GLOBAL_ACCENT_COLOR_NAME = AccentColor;
				CODE_SIGN_STYLE = Automatic;
				CURRENT_PROJECT_VERSION = 1;
				GENERATE_INFOPLIST_FILE = YES;
				INFOPLIST_FILE = Flixster/Info.plist;
				INFOPLIST_KEY_UIApplicationSupportsIndirectInputEvents = YES;
				INFOPLIST_KEY_UILaunchStoryboardName = LaunchScreen;
				INFOPLIST_KEY_UIMainStoryboardFile = Main;
				INFOPLIST_KEY_UISupportedInterfaceOrientations_iPad = "UIInterfaceOrientationPortrait UIInterfaceOrientationPortraitUpsideDown UIInterfaceOrientationLandscapeLeft UIInterfaceOrientationLandscapeRight";
				INFOPLIST_KEY_UISupportedInterfaceOrientations_iPhone = "UIInterfaceOrientationPortrait UIInterfaceOrientationLandscapeLeft UIInterfaceOrientationLandscapeRight";
				LD_RUNPATH_SEARCH_PATHS = (
					"$(inherited)",
					"@executable_path/Frameworks",
				);
				MARKETING_VERSION = 1.0;
				PRODUCT_BUNDLE_IDENTIFIER = acroospulle.Flixster;
				PRODUCT_NAME = "$(TARGET_NAME)";
				SWIFT_EMIT_LOC_STRINGS = YES;
				SWIFT_VERSION = 5.0;
				TARGETED_DEVICE_FAMILY = "1,2";
			};
			name = Release;
		};
		B5A692122775135C00EA2B7A /* Debug */ = {
			isa = XCBuildConfiguration;
			baseConfigurationReference = 85C5FECCBD9362A6EFDD1E67 /* Pods-FlixsterTests.debug.xcconfig */;
			buildSettings = {
				ALWAYS_EMBED_SWIFT_STANDARD_LIBRARIES = YES;
				BUNDLE_LOADER = "$(TEST_HOST)";
				CODE_SIGN_STYLE = Automatic;
				CURRENT_PROJECT_VERSION = 1;
				GENERATE_INFOPLIST_FILE = YES;
				IPHONEOS_DEPLOYMENT_TARGET = 15.2;
				MARKETING_VERSION = 1.0;
				PRODUCT_BUNDLE_IDENTIFIER = acroospulle.FlixsterTests;
				PRODUCT_NAME = "$(TARGET_NAME)";
				SWIFT_EMIT_LOC_STRINGS = NO;
				SWIFT_VERSION = 5.0;
				TARGETED_DEVICE_FAMILY = "1,2";
				TEST_HOST = "$(BUILT_PRODUCTS_DIR)/Flixster.app/Flixster";
			};
			name = Debug;
		};
		B5A692132775135C00EA2B7A /* Release */ = {
			isa = XCBuildConfiguration;
			baseConfigurationReference = AD45AAB03076E5709C432BC4 /* Pods-FlixsterTests.release.xcconfig */;
			buildSettings = {
				ALWAYS_EMBED_SWIFT_STANDARD_LIBRARIES = YES;
				BUNDLE_LOADER = "$(TEST_HOST)";
				CODE_SIGN_STYLE = Automatic;
				CURRENT_PROJECT_VERSION = 1;
				GENERATE_INFOPLIST_FILE = YES;
				IPHONEOS_DEPLOYMENT_TARGET = 15.2;
				MARKETING_VERSION = 1.0;
				PRODUCT_BUNDLE_IDENTIFIER = acroospulle.FlixsterTests;
				PRODUCT_NAME = "$(TARGET_NAME)";
				SWIFT_EMIT_LOC_STRINGS = NO;
				SWIFT_VERSION = 5.0;
				TARGETED_DEVICE_FAMILY = "1,2";
				TEST_HOST = "$(BUILT_PRODUCTS_DIR)/Flixster.app/Flixster";
			};
			name = Release;
		};
		B5A692152775135C00EA2B7A /* Debug */ = {
			isa = XCBuildConfiguration;
			baseConfigurationReference = FD1ACA14FDB964DDAAAC1922 /* Pods-Flixster-FlixsterUITests.debug.xcconfig */;
			buildSettings = {
				ALWAYS_EMBED_SWIFT_STANDARD_LIBRARIES = YES;
				CODE_SIGN_STYLE = Automatic;
				CURRENT_PROJECT_VERSION = 1;
				GENERATE_INFOPLIST_FILE = YES;
				MARKETING_VERSION = 1.0;
				PRODUCT_BUNDLE_IDENTIFIER = acroospulle.FlixsterUITests;
				PRODUCT_NAME = "$(TARGET_NAME)";
				SWIFT_EMIT_LOC_STRINGS = NO;
				SWIFT_VERSION = 5.0;
				TARGETED_DEVICE_FAMILY = "1,2";
				TEST_TARGET_NAME = Flixster;
			};
			name = Debug;
		};
		B5A692162775135C00EA2B7A /* Release */ = {
			isa = XCBuildConfiguration;
			baseConfigurationReference = D94D0AEC9781C11A46DCADFD /* Pods-Flixster-FlixsterUITests.release.xcconfig */;
			buildSettings = {
				ALWAYS_EMBED_SWIFT_STANDARD_LIBRARIES = YES;
				CODE_SIGN_STYLE = Automatic;
				CURRENT_PROJECT_VERSION = 1;
				GENERATE_INFOPLIST_FILE = YES;
				MARKETING_VERSION = 1.0;
				PRODUCT_BUNDLE_IDENTIFIER = acroospulle.FlixsterUITests;
				PRODUCT_NAME = "$(TARGET_NAME)";
				SWIFT_EMIT_LOC_STRINGS = NO;
				SWIFT_VERSION = 5.0;
				TARGETED_DEVICE_FAMILY = "1,2";
				TEST_TARGET_NAME = Flixster;
			};
			name = Release;
		};
/* End XCBuildConfiguration section */

/* Begin XCConfigurationList section */
		B5A691DF2775135A00EA2B7A /* Build configuration list for PBXProject "Flixster" */ = {
			isa = XCConfigurationList;
			buildConfigurations = (
				B5A6920C2775135C00EA2B7A /* Debug */,
				B5A6920D2775135C00EA2B7A /* Release */,
			);
			defaultConfigurationIsVisible = 0;
			defaultConfigurationName = Release;
		};
		B5A6920E2775135C00EA2B7A /* Build configuration list for PBXNativeTarget "Flixster" */ = {
			isa = XCConfigurationList;
			buildConfigurations = (
				B5A6920F2775135C00EA2B7A /* Debug */,
				B5A692102775135C00EA2B7A /* Release */,
			);
			defaultConfigurationIsVisible = 0;
			defaultConfigurationName = Release;
		};
		B5A692112775135C00EA2B7A /* Build configuration list for PBXNativeTarget "FlixsterTests" */ = {
			isa = XCConfigurationList;
			buildConfigurations = (
				B5A692122775135C00EA2B7A /* Debug */,
				B5A692132775135C00EA2B7A /* Release */,
			);
			defaultConfigurationIsVisible = 0;
			defaultConfigurationName = Release;
		};
		B5A692142775135C00EA2B7A /* Build configuration list for PBXNativeTarget "FlixsterUITests" */ = {
			isa = XCConfigurationList;
			buildConfigurations = (
				B5A692152775135C00EA2B7A /* Debug */,
				B5A692162775135C00EA2B7A /* Release */,
			);
			defaultConfigurationIsVisible = 0;
			defaultConfigurationName = Release;
		};
/* End XCConfigurationList section */

/* Begin XCRemoteSwiftPackageReference section */
		B5A69219278377B900EA2B7A /* XCRemoteSwiftPackageReference "AlamofireImage" */ = {
			isa = XCRemoteSwiftPackageReference;
			repositoryURL = "https://github.com/Alamofire/AlamofireImage";
			requirement = {
				kind = upToNextMajorVersion;
				minimumVersion = 4.0.0;
			};
		};
/* End XCRemoteSwiftPackageReference section */

/* Begin XCSwiftPackageProductDependency section */
		B5A6921A278377B900EA2B7A /* AlamofireImage */ = {
			isa = XCSwiftPackageProductDependency;
			package = B5A69219278377B900EA2B7A /* XCRemoteSwiftPackageReference "AlamofireImage" */;
			productName = AlamofireImage;
		};
/* End XCSwiftPackageProductDependency section */
	};
	rootObject = B5A691DC2775135A00EA2B7A /* Project object */;
}
